
Microsoft Visual Studio Solution File, Format Version 12.00
# Visual Studio 14
VisualStudioVersion = 14.0.25420.1
MinimumVisualStudioVersion = 10.0.40219.1
Project("{FAE04EC0-301F-11D3-BF4B-00C04F79EFBC}") = "QLCuaHang_TGDD", "QLCuaHang_TGDD\QLCuaHang_TGDD.csproj", "{ADA7A0BF-B959-441B-AEC7-ABA88F2604B6}"
EndProject
Global
	GlobalSection(SolutionConfigurationPlatforms) = preSolution
		Debug|Any CPU = Debug|Any CPU
		Release|Any CPU = Release|Any CPU
	EndGlobalSection
	GlobalSection(ProjectConfigurationPlatforms) = postSolution
		{ADA7A0BF-B959-441B-AEC7-ABA88F2604B6}.Debug|Any CPU.ActiveCfg = Debug|Any CPU
		{ADA7A0BF-B959-441B-AEC7-ABA88F2604B6}.Debug|Any CPU.Build.0 = Debug|Any CPU
		{ADA7A0BF-B959-441B-AEC7-ABA88F2604B6}.Release|Any CPU.ActiveCfg = Release|Any CPU
		{ADA7A0BF-B959-441B-AEC7-ABA88F2604B6}.Release|Any CPU.Build.0 = Release|Any CPU
	EndGlobalSection
	GlobalSection(SolutionProperties) = preSolution
		HideSolutionNode = FALSE
	EndGlobalSection
EndGlobal
